{
  "name": "froend",
  "lockfileVersion": 2,
  "requires": true,
  "packages": {
    "": {
      "dependencies": {
        "group7-capstone-carpool": "file:.."
      }
    },
    "..": {
      "version": "1.0.0",
      "license": "ISC"
    },
    "node_modules/group7-capstone-carpool": {
      "resolved": "..",
      "link": true
    }
  },
  "dependencies": {
    "group7-capstone-carpool": {
      "version": "file:.."
    }
  }
}
